
Microsoft Visual Studio Solution File, Format Version 12.00
# Visual Studio Version 17
VisualStudioVersion = 17.12.35707.178 d17.12
MinimumVisualStudioVersion = 10.0.40219.1
Project("{2150E333-8FDC-42A3-9474-1A3956D46DE8}") = "src", "src", "{6BEF6121-DEA4-493C-9C75-D7FF6CC7CC9A}"
EndProject
Project("{2150E333-8FDC-42A3-9474-1A3956D46DE8}") = "Domain", "Domain", "{AE17D4BD-9C79-493C-81DC-0C690DCEB199}"
EndProject
Project("{2150E333-8FDC-42A3-9474-1A3956D46DE8}") = "Core", "Core", "{AD24E39F-1734-4197-8D8C-13A5E6D7FD54}"
EndProject
Project("{2150E333-8FDC-42A3-9474-1A3956D46DE8}") = "Presentation", "Presentation", "{2BE03037-D0F8-4517-97F3-68051578251F}"
EndProject
Project("{2150E333-8FDC-42A3-9474-1A3956D46DE8}") = "Infrastructure", "Infrastructure", "{77C836CA-E7C1-413E-BCE7-3EA668DD726A}"
EndProject
Project("{FAE04EC0-301F-11D3-BF4B-00C04F79EFBC}") = "SignalR-Backend", "SignalR-Backend\SignalR-Backend.csproj", "{06567B05-FF57-4F39-8DAF-2CD2912E3A04}"
EndProject
Project("{FAE04EC0-301F-11D3-BF4B-00C04F79EFBC}") = "Infrastructure", "Infrastructure\Infrastructure.csproj", "{9948AA5B-6B28-416D-B641-F16CC21403E8}"
EndProject
Project("{FAE04EC0-301F-11D3-BF4B-00C04F79EFBC}") = "Domain", "Domain\Domain.csproj", "{9B26F427-01E5-4A41-BE6A-7E4D63B48206}"
EndProject
Project("{FAE04EC0-301F-11D3-BF4B-00C04F79EFBC}") = "App.Core", "App.Core\App.Core.csproj", "{09F1C12C-955F-47BF-BC3C-EB63C56CD9F5}"
EndProject
Project("{FAE04EC0-301F-11D3-BF4B-00C04F79EFBC}") = "Common", "Common\Common.csproj", "{8698144D-BFA1-4DEF-896A-1331BCD31C9A}"
EndProject
Global
	GlobalSection(SolutionConfigurationPlatforms) = preSolution
		Debug|Any CPU = Debug|Any CPU
		Release|Any CPU = Release|Any CPU
	EndGlobalSection
	GlobalSection(ProjectConfigurationPlatforms) = postSolution
		{06567B05-FF57-4F39-8DAF-2CD2912E3A04}.Debug|Any CPU.ActiveCfg = Debug|Any CPU
		{06567B05-FF57-4F39-8DAF-2CD2912E3A04}.Debug|Any CPU.Build.0 = Debug|Any CPU
		{06567B05-FF57-4F39-8DAF-2CD2912E3A04}.Release|Any CPU.ActiveCfg = Release|Any CPU
		{06567B05-FF57-4F39-8DAF-2CD2912E3A04}.Release|Any CPU.Build.0 = Release|Any CPU
		{9948AA5B-6B28-416D-B641-F16CC21403E8}.Debug|Any CPU.ActiveCfg = Debug|Any CPU
		{9948AA5B-6B28-416D-B641-F16CC21403E8}.Debug|Any CPU.Build.0 = Debug|Any CPU
		{9948AA5B-6B28-416D-B641-F16CC21403E8}.Release|Any CPU.ActiveCfg = Release|Any CPU
		{9948AA5B-6B28-416D-B641-F16CC21403E8}.Release|Any CPU.Build.0 = Release|Any CPU
		{9B26F427-01E5-4A41-BE6A-7E4D63B48206}.Debug|Any CPU.ActiveCfg = Debug|Any CPU
		{9B26F427-01E5-4A41-BE6A-7E4D63B48206}.Debug|Any CPU.Build.0 = Debug|Any CPU
		{9B26F427-01E5-4A41-BE6A-7E4D63B48206}.Release|Any CPU.ActiveCfg = Release|Any CPU
		{9B26F427-01E5-4A41-BE6A-7E4D63B48206}.Release|Any CPU.Build.0 = Release|Any CPU
		{09F1C12C-955F-47BF-BC3C-EB63C56CD9F5}.Debug|Any CPU.ActiveCfg = Debug|Any CPU
		{09F1C12C-955F-47BF-BC3C-EB63C56CD9F5}.Debug|Any CPU.Build.0 = Debug|Any CPU
		{09F1C12C-955F-47BF-BC3C-EB63C56CD9F5}.Release|Any CPU.ActiveCfg = Release|Any CPU
		{09F1C12C-955F-47BF-BC3C-EB63C56CD9F5}.Release|Any CPU.Build.0 = Release|Any CPU
		{8698144D-BFA1-4DEF-896A-1331BCD31C9A}.Debug|Any CPU.ActiveCfg = Debug|Any CPU
		{8698144D-BFA1-4DEF-896A-1331BCD31C9A}.Debug|Any CPU.Build.0 = Debug|Any CPU
		{8698144D-BFA1-4DEF-896A-1331BCD31C9A}.Release|Any CPU.ActiveCfg = Release|Any CPU
		{8698144D-BFA1-4DEF-896A-1331BCD31C9A}.Release|Any CPU.Build.0 = Release|Any CPU
	EndGlobalSection
	GlobalSection(SolutionProperties) = preSolution
		HideSolutionNode = FALSE
	EndGlobalSection
	GlobalSection(NestedProjects) = preSolution
		{AE17D4BD-9C79-493C-81DC-0C690DCEB199} = {6BEF6121-DEA4-493C-9C75-D7FF6CC7CC9A}
		{AD24E39F-1734-4197-8D8C-13A5E6D7FD54} = {6BEF6121-DEA4-493C-9C75-D7FF6CC7CC9A}
		{2BE03037-D0F8-4517-97F3-68051578251F} = {6BEF6121-DEA4-493C-9C75-D7FF6CC7CC9A}
		{77C836CA-E7C1-413E-BCE7-3EA668DD726A} = {6BEF6121-DEA4-493C-9C75-D7FF6CC7CC9A}
		{06567B05-FF57-4F39-8DAF-2CD2912E3A04} = {2BE03037-D0F8-4517-97F3-68051578251F}
		{9948AA5B-6B28-416D-B641-F16CC21403E8} = {77C836CA-E7C1-413E-BCE7-3EA668DD726A}
		{9B26F427-01E5-4A41-BE6A-7E4D63B48206} = {AE17D4BD-9C79-493C-81DC-0C690DCEB199}
		{09F1C12C-955F-47BF-BC3C-EB63C56CD9F5} = {AD24E39F-1734-4197-8D8C-13A5E6D7FD54}
		{8698144D-BFA1-4DEF-896A-1331BCD31C9A} = {AD24E39F-1734-4197-8D8C-13A5E6D7FD54}
	EndGlobalSection
EndGlobal
